
Microsoft Visual Studio Solution File, Format Version 12.00
# Visual Studio Version 17
VisualStudioVersion = 17.4.33110.190
MinimumVisualStudioVersion = 10.0.40219.1
Project("{FAE04EC0-301F-11D3-BF4B-00C04F79EFBC}") = "RevitAPIExportCAD", "RevitAPIExportCAD\RevitAPIExportCAD.csproj", "{0AD9F23A-3ED4-43A1-B6B6-C8988AE44664}"
EndProject
Project("{54435603-DBB4-11D2-8724-00A0C9A8B90C}") = "InstallExportCad2023", "InstallExportCad2023\InstallExportCad2023.vdproj", "{9A4CCBC8-3E36-498F-9111-B52444FC38AD}"
EndProject
Global
	GlobalSection(SolutionConfigurationPlatforms) = preSolution
		Debug|Any CPU = Debug|Any CPU
		Release|Any CPU = Release|Any CPU
	EndGlobalSection
	GlobalSection(ProjectConfigurationPlatforms) = postSolution
		{0AD9F23A-3ED4-43A1-B6B6-C8988AE44664}.Debug|Any CPU.ActiveCfg = Debug|Any CPU
		{0AD9F23A-3ED4-43A1-B6B6-C8988AE44664}.Debug|Any CPU.Build.0 = Debug|Any CPU
		{0AD9F23A-3ED4-43A1-B6B6-C8988AE44664}.Release|Any CPU.ActiveCfg = Release|Any CPU
		{0AD9F23A-3ED4-43A1-B6B6-C8988AE44664}.Release|Any CPU.Build.0 = Release|Any CPU
		{9A4CCBC8-3E36-498F-9111-B52444FC38AD}.Debug|Any CPU.ActiveCfg = Debug
		{9A4CCBC8-3E36-498F-9111-B52444FC38AD}.Release|Any CPU.ActiveCfg = Release
	EndGlobalSection
	GlobalSection(SolutionProperties) = preSolution
		HideSolutionNode = FALSE
	EndGlobalSection
	GlobalSection(ExtensibilityGlobals) = postSolution
		SolutionGuid = {8205F1D8-034E-47EE-B592-C9045E5F00B9}
	EndGlobalSection
EndGlobal
